
Microsoft Visual Studio Solution File, Format Version 12.00
# Visual Studio Version 17
VisualStudioVersion = 17.0.31903.59
MinimumVisualStudioVersion = 10.0.40219.1
Project("{FAE04EC0-301F-11D3-BF4B-00C04F79EFBC}") = "QualityDemo.Api", "src\QualityDemo.Api\QualityDemo.Api.csproj", "{08D18139-5D37-4B81-966B-0D5371B32205}"
EndProject
Project("{FAE04EC0-301F-11D3-BF4B-00C04F79EFBC}") = "QualityDemo.Tests", "tests\QualityDemo.Tests\QualityDemo.Tests.csproj", "{6455C01B-F326-435A-A1E3-131288CD9B48}"
EndProject
Project("{FAE04EC0-301F-11D3-BF4B-00C04F79EFBC}") = "DashboardAlertFixtures", "dashboard-fixtures\DashboardAlertFixtures\DashboardAlertFixtures.csproj", "{B52CE2D8-C0D7-4F7A-A3D1-356886195E42}"
EndProject
Global
	GlobalSection(SolutionConfigurationPlatforms) = preSolution
		Debug|Any CPU = Debug|Any CPU
		Release|Any CPU = Release|Any CPU
	EndGlobalSection
	GlobalSection(ProjectConfigurationPlatforms) = postSolution
		{08D18139-5D37-4B81-966B-0D5371B32205}.Debug|Any CPU.ActiveCfg = Debug|Any CPU
		{08D18139-5D37-4B81-966B-0D5371B32205}.Debug|Any CPU.Build.0 = Debug|Any CPU
		{08D18139-5D37-4B81-966B-0D5371B32205}.Release|Any CPU.ActiveCfg = Release|Any CPU
		{08D18139-5D37-4B81-966B-0D5371B32205}.Release|Any CPU.Build.0 = Release|Any CPU
		{6455C01B-F326-435A-A1E3-131288CD9B48}.Debug|Any CPU.ActiveCfg = Debug|Any CPU
		{6455C01B-F326-435A-A1E3-131288CD9B48}.Debug|Any CPU.Build.0 = Debug|Any CPU
		{6455C01B-F326-435A-A1E3-131288CD9B48}.Release|Any CPU.ActiveCfg = Release|Any CPU
		{6455C01B-F326-435A-A1E3-131288CD9B48}.Release|Any CPU.Build.0 = Release|Any CPU
		{B52CE2D8-C0D7-4F7A-A3D1-356886195E42}.Debug|Any CPU.ActiveCfg = Debug|Any CPU
		{B52CE2D8-C0D7-4F7A-A3D1-356886195E42}.Debug|Any CPU.Build.0 = Debug|Any CPU
		{B52CE2D8-C0D7-4F7A-A3D1-356886195E42}.Release|Any CPU.ActiveCfg = Release|Any CPU
		{B52CE2D8-C0D7-4F7A-A3D1-356886195E42}.Release|Any CPU.Build.0 = Release|Any CPU
	EndGlobalSection
EndGlobal